
Microsoft Visual Studio Solution File, Format Version 12.00
# Visual Studio Version 16
VisualStudioVersion = 16.0.32002.261
MinimumVisualStudioVersion = 10.0.40219.1
Project("{FAE04EC0-301F-11D3-BF4B-00C04F79EFBC}") = "M3Task83", "M3Task83.csproj", "{F3628967-CAEC-43F3-BEBD-2F7D0125D72E}"
EndProject
Global
	GlobalSection(SolutionConfigurationPlatforms) = preSolution
		Debug|Any CPU = Debug|Any CPU
		Release|Any CPU = Release|Any CPU
	EndGlobalSection
	GlobalSection(ProjectConfigurationPlatforms) = postSolution
		{F3628967-CAEC-43F3-BEBD-2F7D0125D72E}.Debug|Any CPU.ActiveCfg = Debug|Any CPU
		{F3628967-CAEC-43F3-BEBD-2F7D0125D72E}.Debug|Any CPU.Build.0 = Debug|Any CPU
		{F3628967-CAEC-43F3-BEBD-2F7D0125D72E}.Release|Any CPU.ActiveCfg = Release|Any CPU
		{F3628967-CAEC-43F3-BEBD-2F7D0125D72E}.Release|Any CPU.Build.0 = Release|Any CPU
	EndGlobalSection
	GlobalSection(SolutionProperties) = preSolution
		HideSolutionNode = FALSE
	EndGlobalSection
	GlobalSection(ExtensibilityGlobals) = postSolution
		SolutionGuid = {8CC9F23C-60C9-481B-A1A5-43DD53D5FE8F}
	EndGlobalSection
EndGlobal
